{
  "name": "tools",
  "lockfileVersion": 3,
  "requires": true,
  "packages": {
    "": {
      "dependencies": {
        "@cloudbase/cli": "^2.12.10",
        "@cloudbase/js-sdk": "^2.27.1",
        "ws": "^8.20.0"
      }
    },
    "node_modules/@cloudbase/adapter-interface": {
      "version": "0.7.1",
      "resolved": "https://registry.npmjs.org/@cloudbase/adapter-interface/-/adapter-interface-0.7.1.tgz",
      "integrity": "sha512-BjHTAvIMSLxbp26SeT6qLiSSBygz3kAVno/PMwwBwjgzVkVUvuZGVcvf1mhHxY/BjdRGLrd6X60OgvymV/aAUw==",
      "license": "ISC"
    },
    "node_modules/@cloudbase/adapter-wx_mp": {
      "version": "1.3.1",
      "resolved": "https://registry.npmjs.org/@cloudbase/adapter-wx_mp/-/adapter-wx_mp-1.3.1.tgz",
      "integrity": "sha512-rS0N1aD1a0zc421ds17/HzM4RChQ6T2ixMz87bhPJ1yveqJt/KUqYxiXJDWhZ803wwTmJs8aqNkgugsNusNhbg==",
      "license": "ISC",
      "dependencies": {
        "@cloudbase/adapter-interface": "^0.7.0",
        "web-streams-polyfill": "^4.0.0"
      }
    },
    "node_modules/@cloudbase/ai": {
      "version": "2.27.1",
      "resolved": "https://registry.npmjs.org/@cloudbase/ai/-/ai-2.27.1.tgz",
      "integrity": "sha512-TCQOdvz7btGWBCGp4ePkfN5dEiUM/lX8lBwA6H2ztO1QEYrypxCjTQD9N4hkFc9t2jiLns/n6NVVvDRXlxKh8Q==",
      "license": "Apache-2.0",
      "dependencies": {
        "@cloudbase/types": "2.27.1",
        "@cloudbase/utilities": "2.27.1",
        "@mattiasbuelens/web-streams-adapter": "^0.1.0",
        "text-encoding-shim": "^1.0.5",
        "web-streams-polyfill": "^4.0.0"
      }
    },
    "node_modules/@cloudbase/analytics": {
      "version": "2.27.1",
      "resolved": "https://registry.npmjs.org/@cloudbase/analytics/-/analytics-2.27.1.tgz",
      "integrity": "sha512-Q2MYPaQs79Ooq8TyMG3a/d7qQo6BKNfJqg33/pXevRxcXEyr0kJO6PGvEpLZAjstUqji0fRwgIT8tqSAOvkUsA==",
      "license": "Apache-2.0",
      "dependencies": {
        "@cloudbase/types": "2.27.1",
        "@cloudbase/utilities": "2.27.1"
      }
    },
    "node_modules/@cloudbase/apis": {
      "version": "2.27.1",
      "resolved": "https://registry.npmjs.org/@cloudbase/apis/-/apis-2.27.1.tgz",
      "integrity": "sha512-5TDnu2py4UBBbZ3Hqla1IM2d+xgDb7GSe1RMBJIjv1vKPd2kSHYei0Sivoe95m5QP85nhiOjaEXKu5bBN/0pBw==",
      "license": "Apache-2.0",
      "dependencies": {
        "@cloudbase/types": "2.27.1",
        "@cloudbase/utilities": "2.27.1"
      }
    },
    "node_modules/@cloudbase/app": {
      "version": "2.27.1",
      "resolved": "https://registry.npmjs.org/@cloudbase/app/-/app-2.27.1.tgz",
      "integrity": "sha512-giYn4yoO0PnAtREfqqJ7BJSWYMDO0jeMCdsCx355KME+5reHyGZwtvYSZLen8x0Y2PGrofhDYr+7n2ulwdOL9w==",
      "license": "Apache-2.0",
      "dependencies": {
        "@cloudbase/adapter-interface": "^0.7.1",
        "@cloudbase/adapter-wx_mp": "^1.3.1",
        "@cloudbase/types": "2.27.1",
        "@cloudbase/utilities": "2.27.1"
      },
      "peerDependencies": {
        "@cloudbase/signature-nodejs": ">=1.0.0",
        "jsonwebtoken": ">=8.0.0",
        "ws": "^8.18.0"
      },
      "peerDependenciesMeta": {
        "@cloudbase/signature-nodejs": {
          "optional": true
        },
        "jsonwebtoken": {
          "optional": true
        },
        "ws": {
          "optional": true
        }
      }
    },
    "node_modules/@cloudbase/auth": {
      "version": "2.27.1",
      "resolved": "https://registry.npmjs.org/@cloudbase/auth/-/auth-2.27.1.tgz",
      "integrity": "sha512-iYfrxtTGQ3HTy1ptwgwSkJwPt2h6gtje2/grZ0H+nS3ULBABQc/JZtlCG3azKbgVUqoNUR0NF2nNMT348N82vQ==",
      "license": "Apache-2.0",
      "dependencies": {
        "@cloudbase/adapter-wx_mp": "^1.3.1",
        "@cloudbase/oauth": "2.27.1",
        "@cloudbase/utilities": "2.27.1"
      }
    },
    "node_modules/@cloudbase/cli": {
      "version": "2.12.10",
      "resolved": "https://registry.npmjs.org/@cloudbase/cli/-/cli-2.12.10.tgz",
      "integrity": "sha512-VvybXDOH4RTZul8EuPxrya4bV5/2SQzF8MjS7eERP44iqr8e3WwSVYsTTpH1a/CTvCPuT4s7KY37MkTsgvqeeQ==",
      "license": "ISC",
      "bin": {
        "cloudbase": "bin/cloudbase",
        "cloudbase-mcp": "bin/cloudbase-mcp",
        "tcb": "bin/tcb"
      }
    },
    "node_modules/@cloudbase/cloudrun": {
      "version": "2.27.1",
      "resolved": "https://registry.npmjs.org/@cloudbase/cloudrun/-/cloudrun-2.27.1.tgz",
      "integrity": "sha512-+B8U48nx/5MoEMY3g4/RPiKvNsUH1cFq48hMPTacwz88wI4RT7JxBsePOCof5o4vdCIezVWgvEfdjzKkxjfwqw==",
      "license": "Apache-2.0",
      "dependencies": {
        "@cloudbase/adapter-interface": "^0.7.1",
        "@cloudbase/types": "2.27.1",
        "@cloudbase/utilities": "2.27.1"
      }
    },
    "node_modules/@cloudbase/database": {
      "version": "0.11.0",
      "resolved": "https://registry.npmjs.org/@cloudbase/database/-/database-0.11.0.tgz",
      "integrity": "sha512-WgUsGqeoUaxcpzQ3vE/HrEcpbuXOPZMTrSRJoZUz6LEJnW47hbcIGF+XHaJnMtcRRM/gbgNGDAxChLYi1TatTg==",
      "license": "ISC",
      "dependencies": {
        "bson": "^7.1.1"
      }
    },
    "node_modules/@cloudbase/functions": {
      "version": "2.27.1",
      "resolved": "https://registry.npmjs.org/@cloudbase/functions/-/functions-2.27.1.tgz",
      "integrity": "sha512-tLP9MhKIo8NVPhCQ4pawaHVUd93Vh8yYZW7rvDkE59vzpN/Z9WsE2LRhgKqz6uOIQmMwOfbNZAixA2Maf31A7g==",
      "license": "Apache-2.0",
      "dependencies": {
        "@cloudbase/adapter-interface": "^0.7.1",
        "@cloudbase/cloudrun": "2.27.1",
        "@cloudbase/types": "2.27.1",
        "@cloudbase/utilities": "2.27.1"
      }
    },
    "node_modules/@cloudbase/js-sdk": {
      "version": "2.27.1",
      "resolved": "https://registry.npmjs.org/@cloudbase/js-sdk/-/js-sdk-2.27.1.tgz",
      "integrity": "sha512-O8j9+61mj4kBWgNS/IhaLE7p/F6Iq2Vt3uPYyfrJmFvrajG29EJ8UsmoEjJf8iV3T9/6Aay2zJ1DuiKlitseuA==",
      "license": "Apache-2.0",
      "dependencies": {
        "@cloudbase/adapter-interface": "^0.7.1",
        "@cloudbase/ai": "2.27.1",
        "@cloudbase/analytics": "2.27.1",
        "@cloudbase/apis": "2.27.1",
        "@cloudbase/app": "2.27.1",
        "@cloudbase/auth": "2.27.1",
        "@cloudbase/cloudrun": "2.27.1",
        "@cloudbase/database": "0.11.0",
        "@cloudbase/functions": "2.27.1",
        "@cloudbase/model": "2.27.1",
        "@cloudbase/mysql": "2.27.1",
        "@cloudbase/realtime": "2.27.1",
        "@cloudbase/storage": "2.27.1",
        "@cloudbase/types": "2.27.1",
        "@cloudbase/utilities": "2.27.1"
      }
    },
    "node_modules/@cloudbase/model": {
      "version": "2.27.1",
      "resolved": "https://registry.npmjs.org/@cloudbase/model/-/model-2.27.1.tgz",
      "integrity": "sha512-IckkK3x2e5a5iZp0zG6WGzaf9wJ3niDckWnlrJy0XM3Z+Xc4JwmlP8d3FTBP8soiQFoodwRphQou9kahUdBKpA==",
      "license": "Apache-2.0",
      "dependencies": {
        "@cloudbase/types": "2.27.1",
        "@cloudbase/utilities": "2.27.1",
        "@cloudbase/wx-cloud-client-sdk": "^1.5.0"
      }
    },
    "node_modules/@cloudbase/mysql": {
      "version": "2.27.1",
      "resolved": "https://registry.npmjs.org/@cloudbase/mysql/-/mysql-2.27.1.tgz",
      "integrity": "sha512-9XsEZCFHCBXU3pTzHSVzGXJ5bTpKFQ8k6tU+xaird8pV2FFYzn6w3Xp4/ELW7jkhfHetB0z7Oobt5Bs6MC02nQ==",
      "license": "Apache-2.0",
      "dependencies": {
        "@cloudbase/types": "2.20.3",
        "@cloudbase/utilities": "2.20.3",
        "@cloudbase/wx-cloud-client-sdk": "^1.7.1"
      }
    },
    "node_modules/@cloudbase/mysql/node_modules/@cloudbase/types": {
      "version": "2.20.3",
      "resolved": "https://registry.npmjs.org/@cloudbase/types/-/types-2.20.3.tgz",
      "integrity": "sha512-oBFj5hJ4eFc32OoOiE8UopL5lDacZReg56yNlbPGhoRLGbNe2Wk4QV+VeIo2n/TtVzo6Ctb7hQGmJ+peECIiuQ==",
      "license": "Apache-2.0",
      "dependencies": {
        "@cloudbase/adapter-interface": "^0.7.1"
      }
    },
    "node_modules/@cloudbase/mysql/node_modules/@cloudbase/utilities": {
      "version": "2.20.3",
      "resolved": "https://registry.npmjs.org/@cloudbase/utilities/-/utilities-2.20.3.tgz",
      "integrity": "sha512-SjRok91CfqiEHk1Mjzc9uW61CewssW3c8pjs+EPHb2et/C764W5mt3Gr2SP5yEw23X1HS50uNHXfWZu7ZbG4AQ==",
      "license": "Apache-2.0",
      "dependencies": {
        "@cloudbase/adapter-interface": "^0.7.1",
        "@cloudbase/types": "2.20.3",
        "jwt-decode": "^3.1.2"
      }
    },
    "node_modules/@cloudbase/oauth": {
      "version": "2.27.1",
      "resolved": "https://registry.npmjs.org/@cloudbase/oauth/-/oauth-2.27.1.tgz",
      "integrity": "sha512-+iCzWLs41+7Z3Rpcf9G0JyL1oL+XikynqVLfxGwJ8C5YXGJhETZ/mtp0mH9fqWmbSfBmyCx3ln3t4grraKmtUg==",
      "license": "Apache-2.0",
      "dependencies": {
        "@cloudbase/utilities": "2.27.1"
      },
      "peerDependencies": {
        "@cloudbase/utilities": "2.25.0"
      }
    },
    "node_modules/@cloudbase/realtime": {
      "version": "2.27.1",
      "resolved": "https://registry.npmjs.org/@cloudbase/realtime/-/realtime-2.27.1.tgz",
      "integrity": "sha512-CqWCMTO4KRJK9MGIqfvaPhytMNZIk4XRgItfYnfqN6kgpHfnwVnFU1L0o6+t6d7m4+Y8s3Dk36w0NbWt24fHVA==",
      "license": "Apache-2.0",
      "dependencies": {
        "@cloudbase/types": "2.27.1",
        "lodash": "^4.17.21"
      }
    },
    "node_modules/@cloudbase/storage": {
      "version": "2.27.1",
      "resolved": "https://registry.npmjs.org/@cloudbase/storage/-/storage-2.27.1.tgz",
      "integrity": "sha512-r7Bzh9jSQfwZSeGe7dPOr2FsB7DwaZGDbiYGWAw/4iFakqjzaMZErQgOzTySgvxy2jOi6Ls7dvWPGlvPHGS2Yw==",
      "license": "Apache-2.0",
      "dependencies": {
        "@cloudbase/types": "2.27.1",
        "@cloudbase/utilities": "2.27.1"
      }
    },
    "node_modules/@cloudbase/types": {
      "version": "2.27.1",
      "resolved": "https://registry.npmjs.org/@cloudbase/types/-/types-2.27.1.tgz",
      "integrity": "sha512-eZ85wbFFoWB49nJFDouWQEwwYyPguw7BCj7WX7ZUmkUHpTcjY3v7LHCztQ6U+ngS+pZAkvc0lJ2SJfchFiiN1w==",
      "license": "Apache-2.0",
      "dependencies": {
        "@cloudbase/adapter-interface": "^0.7.1"
      }
    },
    "node_modules/@cloudbase/utilities": {
      "version": "2.27.1",
      "resolved": "https://registry.npmjs.org/@cloudbase/utilities/-/utilities-2.27.1.tgz",
      "integrity": "sha512-xNMuC6sFzQOtAb0M9Cn+4h9SC6q+5FSP9icvaJfHsSaqg2cVajImbfmxs4ALJbaMpmAonc2HuY4Abw+0B9HSUg==",
      "license": "Apache-2.0",
      "dependencies": {
        "@cloudbase/adapter-interface": "^0.7.1",
        "@cloudbase/types": "2.27.1",
        "jwt-decode": "^3.1.2"
      }
    },
    "node_modules/@cloudbase/wx-cloud-client-sdk": {
      "version": "1.8.6",
      "resolved": "https://registry.npmjs.org/@cloudbase/wx-cloud-client-sdk/-/wx-cloud-client-sdk-1.8.6.tgz",
      "integrity": "sha512-NjT6lUcWHDYbc4XFnGocydRKV+Iu0oWSJ6XUQ968jCTaqln1wPgFQgJixiswLvpjGn60LuelE27N50HrAnaUYw==",
      "dependencies": {
        "@cloudbase/adapter-wx_mp": "^1.2.1",
        "core-js-pure": "^3.45.0"
      }
    },
    "node_modules/@mattiasbuelens/web-streams-adapter": {
      "version": "0.1.0",
      "resolved": "https://registry.npmjs.org/@mattiasbuelens/web-streams-adapter/-/web-streams-adapter-0.1.0.tgz",
      "integrity": "sha512-oV4PyZfwJNtmFWhvlJLqYIX1Nn22ML8FZpS16ZUKv0hg7414xV1fjsGqxQzLT2dyK92TKxsJSwMOd7VNHAtPmA==",
      "license": "MIT",
      "engines": {
        "node": ">= 12"
      }
    },
    "node_modules/bson": {
      "version": "7.2.0",
      "resolved": "https://registry.npmjs.org/bson/-/bson-7.2.0.tgz",
      "integrity": "sha512-YCEo7KjMlbNlyHhz7zAZNDpIpQbd+wOEHJYezv0nMYTn4x31eIUM2yomNNubclAt63dObUzKHWsBLJ9QcZNSnQ==",
      "license": "Apache-2.0",
      "engines": {
        "node": ">=20.19.0"
      }
    },
    "node_modules/core-js-pure": {
      "version": "3.49.0",
      "resolved": "https://registry.npmjs.org/core-js-pure/-/core-js-pure-3.49.0.tgz",
      "integrity": "sha512-XM4RFka59xATyJv/cS3O3Kml72hQXUeGRuuTmMYFxwzc9/7C8OYTaIR/Ji+Yt8DXzsFLNhat15cE/JP15HrCgw==",
      "hasInstallScript": true,
      "license": "MIT",
      "funding": {
        "type": "opencollective",
        "url": "https://opencollective.com/core-js"
      }
    },
    "node_modules/jwt-decode": {
      "version": "3.1.2",
      "resolved": "https://registry.npmjs.org/jwt-decode/-/jwt-decode-3.1.2.tgz",
      "integrity": "sha512-UfpWE/VZn0iP50d8cz9NrZLM9lSWhcJ+0Gt/nm4by88UL+J1SiKN8/5dkjMmbEzwL2CAe+67GsegCbIKtbp75A==",
      "license": "MIT"
    },
    "node_modules/lodash": {
      "version": "4.17.23",
      "resolved": "https://registry.npmjs.org/lodash/-/lodash-4.17.23.tgz",
      "integrity": "sha512-LgVTMpQtIopCi79SJeDiP0TfWi5CNEc/L/aRdTh3yIvmZXTnheWpKjSZhnvMl8iXbC1tFg9gdHHDMLoV7CnG+w==",
      "license": "MIT"
    },
    "node_modules/text-encoding-shim": {
      "version": "1.0.5",
      "resolved": "https://registry.npmjs.org/text-encoding-shim/-/text-encoding-shim-1.0.5.tgz",
      "integrity": "sha512-H7yYW+jRn4yhu60ygZ2f/eMhXPITRt4QSUTKzLm+eCaDsdX8avmgWpmtmHAzesjBVUTAypz9odu5RKUjX5HNYA==",
      "license": "MIT"
    },
    "node_modules/web-streams-polyfill": {
      "version": "4.2.0",
      "resolved": "https://registry.npmjs.org/web-streams-polyfill/-/web-streams-polyfill-4.2.0.tgz",
      "integrity": "sha512-0rYDzGOh9EZpig92umN5g5D/9A1Kff7k0/mzPSSCY8jEQeYkgRMoY7LhbXtUCWzLCMX0TUE9aoHkjFNB7D9pfA==",
      "license": "MIT",
      "workspaces": [
        "test/benchmark-test",
        "test/rollup-test",
        "test/webpack-test"
      ],
      "engines": {
        "node": ">= 8"
      }
    },
    "node_modules/ws": {
      "version": "8.20.0",
      "resolved": "https://registry.npmjs.org/ws/-/ws-8.20.0.tgz",
      "integrity": "sha512-sAt8BhgNbzCtgGbt2OxmpuryO63ZoDk/sqaB/znQm94T4fCEsy/yV+7CdC1kJhOU9lboAEU7R3kquuycDoibVA==",
      "license": "MIT",
      "engines": {
        "node": ">=10.0.0"
      },
      "peerDependencies": {
        "bufferutil": "^4.0.1",
        "utf-8-validate": ">=5.0.2"
      },
      "peerDependenciesMeta": {
        "bufferutil": {
          "optional": true
        },
        "utf-8-validate": {
          "optional": true
        }
      }
    }
  }
}
